Microsoft Visual Studio Solution File, Format Version 12.00
# Visual Studio 15
VisualStudioVersion = 15.0.26124.0
MinimumVisualStudioVersion = 15.0.26124.0
Project("{9A19103F-16F7-4668-BE54-9A1E7A4F7556}") = "Contracts", "Contracts\Contracts.csproj", "{3EB5DBEE-88CC-4FBB-AD1C-6FBA508C6924}"
EndProject
Project("{9A19103F-16F7-4668-BE54-9A1E7A4F7556}") = "Grains", "Grains\Grains.csproj", "{B180151A-E748-4A47-B0C2-FE7374DAEA90}"
EndProject
Project("{9A19103F-16F7-4668-BE54-9A1E7A4F7556}") = "Silo", "Silo\Silo.csproj", "{D320F8FE-0AB7-4A39-8669-B03D7425637D}"
EndProject
Project("{9A19103F-16F7-4668-BE54-9A1E7A4F7556}") = "Client", "Client\Client.csproj", "{B8044DCE-4007-400A-A7F6-097A5E64C088}"
EndProject
Global
	GlobalSection(SolutionConfigurationPlatforms) = preSolution
		Debug|Any CPU = Debug|Any CPU
		Debug|x64 = Debug|x64
		Debug|x86 = Debug|x86
		Release|Any CPU = Release|Any CPU
		Release|x64 = Release|x64
		Release|x86 = Release|x86
	EndGlobalSection
	GlobalSection(ProjectConfigurationPlatforms) = postSolution
		{3EB5DBEE-88CC-4FBB-AD1C-6FBA508C6924}.Debug|Any CPU.ActiveCfg = Debug|Any CPU
		{3EB5DBEE-88CC-4FBB-AD1C-6FBA508C6924}.Debug|Any CPU.Build.0 = Debug|Any CPU
		{3EB5DBEE-88CC-4FBB-AD1C-6FBA508C6924}.Debug|x64.ActiveCfg = Debug|Any CPU
		{3EB5DBEE-88CC-4FBB-AD1C-6FBA508C6924}.Debug|x64.Build.0 = Debug|Any CPU
		{3EB5DBEE-88CC-4FBB-AD1C-6FBA508C6924}.Debug|x86.ActiveCfg = Debug|Any CPU
		{3EB5DBEE-88CC-4FBB-AD1C-6FBA508C6924}.Debug|x86.Build.0 = Debug|Any CPU
		{3EB5DBEE-88CC-4FBB-AD1C-6FBA508C6924}.Release|Any CPU.ActiveCfg = Release|Any CPU
		{3EB5DBEE-88CC-4FBB-AD1C-6FBA508C6924}.Release|Any CPU.Build.0 = Release|Any CPU
		{3EB5DBEE-88CC-4FBB-AD1C-6FBA508C6924}.Release|x64.ActiveCfg = Release|Any CPU
		{3EB5DBEE-88CC-4FBB-AD1C-6FBA508C6924}.Release|x64.Build.0 = Release|Any CPU
		{3EB5DBEE-88CC-4FBB-AD1C-6FBA508C6924}.Release|x86.ActiveCfg = Release|Any CPU
		{3EB5DBEE-88CC-4FBB-AD1C-6FBA508C6924}.Release|x86.Build.0 = Release|Any CPU
		{B180151A-E748-4A47-B0C2-FE7374DAEA90}.Debug|Any CPU.ActiveCfg = Debug|Any CPU
		{B180151A-E748-4A47-B0C2-FE7374DAEA90}.Debug|Any CPU.Build.0 = Debug|Any CPU
		{B180151A-E748-4A47-B0C2-FE7374DAEA90}.Debug|x64.ActiveCfg = Debug|Any CPU
		{B180151A-E748-4A47-B0C2-FE7374DAEA90}.Debug|x64.Build.0 = Debug|Any CPU
		{B180151A-E748-4A47-B0C2-FE7374DAEA90}.Debug|x86.ActiveCfg = Debug|Any CPU
		{B180151A-E748-4A47-B0C2-FE7374DAEA90}.Debug|x86.Build.0 = Debug|Any CPU
		{B180151A-E748-4A47-B0C2-FE7374DAEA90}.Release|Any CPU.ActiveCfg = Release|Any CPU
		{B180151A-E748-4A47-B0C2-FE7374DAEA90}.Release|Any CPU.Build.0 = Release|Any CPU
		{B180151A-E748-4A47-B0C2-FE7374DAEA90}.Release|x64.ActiveCfg = Release|Any CPU
		{B180151A-E748-4A47-B0C2-FE7374DAEA90}.Release|x64.Build.0 = Release|Any CPU
		{B180151A-E748-4A47-B0C2-FE7374DAEA90}.Release|x86.ActiveCfg = Release|Any CPU
		{B180151A-E748-4A47-B0C2-FE7374DAEA90}.Release|x86.Build.0 = Release|Any CPU
		{D320F8FE-0AB7-4A39-8669-B03D7425637D}.Debug|Any CPU.ActiveCfg = Debug|Any CPU
		{D320F8FE-0AB7-4A39-8669-B03D7425637D}.Debug|Any CPU.Build.0 = Debug|Any CPU
		{D320F8FE-0AB7-4A39-8669-B03D7425637D}.Debug|x64.ActiveCfg = Debug|Any CPU
		{D320F8FE-0AB7-4A39-8669-B03D7425637D}.Debug|x64.Build.0 = Debug|Any CPU
		{D320F8FE-0AB7-4A39-8669-B03D7425637D}.Debug|x86.ActiveCfg = Debug|Any CPU
		{D320F8FE-0AB7-4A39-8669-B03D7425637D}.Debug|x86.Build.0 = Debug|Any CPU
		{D320F8FE-0AB7-4A39-8669-B03D7425637D}.Release|Any CPU.ActiveCfg = Release|Any CPU
		{D320F8FE-0AB7-4A39-8669-B03D7425637D}.Release|Any CPU.Build.0 = Release|Any CPU
		{D320F8FE-0AB7-4A39-8669-B03D7425637D}.Release|x64.ActiveCfg = Release|Any CPU
		{D320F8FE-0AB7-4A39-8669-B03D7425637D}.Release|x64.Build.0 = Release|Any CPU
		{D320F8FE-0AB7-4A39-8669-B03D7425637D}.Release|x86.ActiveCfg = Release|Any CPU
		{D320F8FE-0AB7-4A39-8669-B03D7425637D}.Release|x86.Build.0 = Release|Any CPU
		{B8044DCE-4007-400A-A7F6-097A5E64C088}.Debug|Any CPU.ActiveCfg = Debug|Any CPU
		{B8044DCE-4007-400A-A7F6-097A5E64C088}.Debug|Any CPU.Build.0 = Debug|Any CPU
		{B8044DCE-4007-400A-A7F6-097A5E64C088}.Debug|x64.ActiveCfg = Debug|Any CPU
		{B8044DCE-4007-400A-A7F6-097A5E64C088}.Debug|x64.Build.0 = Debug|Any CPU
		{B8044DCE-4007-400A-A7F6-097A5E64C088}.Debug|x86.ActiveCfg = Debug|Any CPU
		{B8044DCE-4007-400A-A7F6-097A5E64C088}.Debug|x86.Build.0 = Debug|Any CPU
		{B8044DCE-4007-400A-A7F6-097A5E64C088}.Release|Any CPU.ActiveCfg = Release|Any CPU
		{B8044DCE-4007-400A-A7F6-097A5E64C088}.Release|Any CPU.Build.0 = Release|Any CPU
		{B8044DCE-4007-400A-A7F6-097A5E64C088}.Release|x64.ActiveCfg = Release|Any CPU
		{B8044DCE-4007-400A-A7F6-097A5E64C088}.Release|x64.Build.0 = Release|Any CPU
		{B8044DCE-4007-400A-A7F6-097A5E64C088}.Release|x86.ActiveCfg = Release|Any CPU
		{B8044DCE-4007-400A-A7F6-097A5E64C088}.Release|x86.Build.0 = Release|Any CPU
	EndGlobalSection
	GlobalSection(SolutionProperties) = preSolution
		HideSolutionNode = FALSE
	EndGlobalSection
	GlobalSection(ExtensibilityGlobals) = postSolution
		SolutionGuid = {54B67C9B-901A-42DD-8F13-EB183B0117EB}
	EndGlobalSection
EndGlobal
